
Microsoft Visual Studio Solution File, Format Version 12.00
# Visual Studio Version 17
VisualStudioVersion = 17.8.34525.116
MinimumVisualStudioVersion = 10.0.40219.1
Project("{FAE04EC0-301F-11D3-BF4B-00C04F79EFBC}") = "Elite-life-api", "Elite-life\Elite-life-api.csproj", "{9251CDA8-5605-494C-B71D-A87D95D13A4B}"
EndProject
Project("{FAE04EC0-301F-11D3-BF4B-00C04F79EFBC}") = "Elite-life-datacontext", "Elite-life-datacontext\Elite-life-datacontext.csproj", "{B372BBD0-67DC-4E7F-9A65-4797847BF0D5}"
EndProject
Project("{FAE04EC0-301F-11D3-BF4B-00C04F79EFBC}") = "Elite-life-repository", "Elite-life-repository\Elite-life-repository.csproj", "{723797C0-E503-45D4-8B13-31D9AB1EFBB0}"
EndProject
Global
	GlobalSection(SolutionConfigurationPlatforms) = preSolution
		Debug|Any CPU = Debug|Any CPU
		Release|Any CPU = Release|Any CPU
	EndGlobalSection
	GlobalSection(ProjectConfigurationPlatforms) = postSolution
		{9251CDA8-5605-494C-B71D-A87D95D13A4B}.Debug|Any CPU.ActiveCfg = Debug|Any CPU
		{9251CDA8-5605-494C-B71D-A87D95D13A4B}.Debug|Any CPU.Build.0 = Debug|Any CPU
		{9251CDA8-5605-494C-B71D-A87D95D13A4B}.Release|Any CPU.ActiveCfg = Release|Any CPU
		{9251CDA8-5605-494C-B71D-A87D95D13A4B}.Release|Any CPU.Build.0 = Release|Any CPU
		{B372BBD0-67DC-4E7F-9A65-4797847BF0D5}.Debug|Any CPU.ActiveCfg = Debug|Any CPU
		{B372BBD0-67DC-4E7F-9A65-4797847BF0D5}.Debug|Any CPU.Build.0 = Debug|Any CPU
		{B372BBD0-67DC-4E7F-9A65-4797847BF0D5}.Release|Any CPU.ActiveCfg = Release|Any CPU
		{B372BBD0-67DC-4E7F-9A65-4797847BF0D5}.Release|Any CPU.Build.0 = Release|Any CPU
		{723797C0-E503-45D4-8B13-31D9AB1EFBB0}.Debug|Any CPU.ActiveCfg = Debug|Any CPU
		{723797C0-E503-45D4-8B13-31D9AB1EFBB0}.Debug|Any CPU.Build.0 = Debug|Any CPU
		{723797C0-E503-45D4-8B13-31D9AB1EFBB0}.Release|Any CPU.ActiveCfg = Release|Any CPU
		{723797C0-E503-45D4-8B13-31D9AB1EFBB0}.Release|Any CPU.Build.0 = Release|Any CPU
	EndGlobalSection
	GlobalSection(SolutionProperties) = preSolution
		HideSolutionNode = FALSE
	EndGlobalSection
	GlobalSection(ExtensibilityGlobals) = postSolution
		SolutionGuid = {28399F8F-3A8D-4663-8F72-16E004E181C7}
	EndGlobalSection
EndGlobal
